PODS:
  - Argo (4.1.2):
    - Runes (>= 4.0.0)
  - Cartography (1.0.1)
  - CryptoSwift (0.6.9)
  - Curry (3.0.0)
  - Nimble (7.0.0)
  - Nuke (5.1)
  - PromiseKit (4.2.0):
    - PromiseKit/Foundation (= 4.2.0)
    - PromiseKit/QuartzCore (= 4.2.0)
    - PromiseKit/UIKit (= 4.2.0)
  - PromiseKit/CorePromise (4.2.0)
  - PromiseKit/Foundation (4.2.0):
    - PromiseKit/CorePromise
  - PromiseKit/QuartzCore (4.2.0):
    - PromiseKit/CorePromise
  - PromiseKit/UIKit (4.2.0):
    - PromiseKit/CorePromise
  - Quick (1.1.0)
  - Runes (4.0.1)

DEPENDENCIES:
  - Argo (= 4.1.2)
  - Cartography (= 1.0.1)
  - CryptoSwift (= 0.6.9)
  - Curry (= 3.0.0)
  - Nimble
  - Nuke (= 5.1)
  - PromiseKit (= 4.2.0)
  - Quick

SPEC CHECKSUMS:
  Argo: 5db06502fc1222d83011f574243089dab25202ff
  Cartography: c1460e99395b824d9d75360b0382faeb0b33dcd7
  CryptoSwift: a22f6ba238e9ce4d26ee7bf45b9ed82e7122d4a0
  Curry: eb3d2c75aec678b3cc7fb2729d2ad6dd121531d1
  Nimble: 874982b605d4d752fcac6be695d13c502de84b1b
  Nuke: 8ab71e77f6a54ff5fb697f93537c35f419bb01f7
  PromiseKit: 08dfb783c161ddcd95b7912421f14c5113fd8318
  Quick: dafc587e21eed9f4cab3249b9f9015b0b7a7f71d
  Runes: ff20f163b478ac2c0e18158d6086fd5b1997f983

PODFILE CHECKSUM: 15ceb6d5f4616a1e14cab6e86b86048580ffe8a5

COCOAPODS: 1.2.1
