// !$*UTF8*$!
{
	archiveVersion = 1;
	classes = {
	};
	objectVersion = 46;
	objects = {

/* Begin PBXBuildFile section */
		17D9EDFA1ED7A94C00DBBD13 /* AppDelegate.swift in Sources */ = {isa = PBXBuildFile; fileRef = 17D9EDF91ED7A94C00DBBD13 /* AppDelegate.swift */; };
		17D9EDFC1ED7A94C00DBBD13 /* ViewController.swift in Sources */ = {isa = PBXBuildFile; fileRef = 17D9EDFB1ED7A94C00DBBD13 /* ViewController.swift */; };
		17D9EE011ED7A94C00DBBD13 /* Assets.xcassets in Resources */ = {isa = PBXBuildFile; fileRef = 17D9EE001ED7A94C00DBBD13 /* Assets.xcassets */; };
		17D9EE041ED7A94C00DBBD13 /* LaunchScreen.storyboard in Resources */ = {isa = PBXBuildFile; fileRef = 17D9EE021ED7A94C00DBBD13 /* LaunchScreen.storyboard */; };
		17D9EE0F1ED7A94C00DBBD13 /* FFTestTests.swift in Sources */ = {isa = PBXBuildFile; fileRef = 17D9EE0E1ED7A94C00DBBD13 /* FFTestTests.swift */; };
		17D9EE1A1ED7A94C00DBBD13 /* FFTestUITests.swift in Sources */ = {isa = PBXBuildFile; fileRef = 17D9EE191ED7A94C00DBBD13 /* FFTestUITests.swift */; };
		863454F91CD7BCEE4EED05A0 /* Pods_FFTest.framework in Frameworks */ = {isa = PBXBuildFile; fileRef = 881D81E866068D28B5FD9B94 /* Pods_FFTest.framework */; };
		A720333C3EC0C49DB35245D6 /* Pods_FFTestUITests.framework in Frameworks */ = {isa = PBXBuildFile; fileRef = 851D0B277707282F4CAC07FF /* Pods_FFTestUITests.framework */; };
		FB0F9F064390AF989F50C110 /* Pods_FFTestTests.framework in Frameworks */ = {isa = PBXBuildFile; fileRef = 907CC2B4B85CB37E426442B7 /* Pods_FFTestTests.framework */; };
/* End PBXBuildFile section */

/* Begin PBXContainerItemProxy section */
		17D9EE0B1ED7A94C00DBBD13 /* PBXContainerItemProxy */ = {
			isa = PBXContainerItemProxy;
			containerPortal = 17D9EDEE1ED7A94B00DBBD13 /* Project object */;
			proxyType = 1;
			remoteGlobalIDString = 17D9EDF51ED7A94B00DBBD13;
			remoteInfo = FFTest;
		};
		17D9EE161ED7A94C00DBBD13 /* PBXContainerItemProxy */ = {
			isa = PBXContainerItemProxy;
			containerPortal = 17D9EDEE1ED7A94B00DBBD13 /* Project object */;
			proxyType = 1;
			remoteGlobalIDString = 17D9EDF51ED7A94B00DBBD13;
			remoteInfo = FFTest;
		};
/* End PBXContainerItemProxy section */

/* Begin PBXFileReference section */
		17D9EDF61ED7A94C00DBBD13 /* FFTest.app */ = {isa = PBXFileReference; explicitFileType = wrapper.application; includeInIndex = 0; path = FFTest.app; sourceTree = BUILT_PRODUCTS_DIR; };
		17D9EDF91ED7A94C00DBBD13 /* AppDelegate.swift */ = {isa = PBXFileReference; lastKnownFileType = sourcecode.swift; path = AppDelegate.swift; sourceTree = "<group>"; };
		17D9EDFB1ED7A94C00DBBD13 /* ViewController.swift */ = {isa = PBXFileReference; lastKnownFileType = sourcecode.swift; path = ViewController.swift; sourceTree = "<group>"; };
		17D9EE001ED7A94C00DBBD13 /* Assets.xcassets */ = {isa = PBXFileReference; lastKnownFileType = folder.assetcatalog; path = Assets.xcassets; sourceTree = "<group>"; };
		17D9EE031ED7A94C00DBBD13 /* Base */ = {isa = PBXFileReference; lastKnownFileType = file.storyboard; name = Base; path = Base.lproj/LaunchScreen.storyboard; sourceTree = "<group>"; };
		17D9EE051ED7A94C00DBBD13 /* Info.plist */ = {isa = PBXFileReference; lastKnownFileType = text.plist.xml; path = Info.plist; sourceTree = "<group>"; };
		17D9EE0A1ED7A94C00DBBD13 /* FFTestTests.xctest */ = {isa = PBXFileReference; explicitFileType = wrapper.cfbundle; includeInIndex = 0; path = FFTestTests.xctest; sourceTree = BUILT_PRODUCTS_DIR; };
		17D9EE0E1ED7A94C00DBBD13 /* FFTestTests.swift */ = {isa = PBXFileReference; lastKnownFileType = sourcecode.swift; path = FFTestTests.swift; sourceTree = "<group>"; };
		17D9EE101ED7A94C00DBBD13 /* Info.plist */ = {isa = PBXFileReference; lastKnownFileType = text.plist.xml; path = Info.plist; sourceTree = "<group>"; };
		17D9EE151ED7A94C00DBBD13 /* FFTestUITests.xctest */ = {isa = PBXFileReference; explicitFileType = wrapper.cfbundle; includeInIndex = 0; path = FFTestUITests.xctest; sourceTree = BUILT_PRODUCTS_DIR; };
		17D9EE191ED7A94C00DBBD13 /* FFTestUITests.swift */ = {isa = PBXFileReference; lastKnownFileType = sourcecode.swift; path = FFTestUITests.swift; sourceTree = "<group>"; };
		17D9EE1B1ED7A94C00DBBD13 /* Info.plist */ = {isa = PBXFileReference; lastKnownFileType = text.plist.xml; path = Info.plist; sourceTree = "<group>"; };
		8098566D3F035B8AF7A188D1 /* Pods-FFTestTests.debug.xcconfig */ = {isa = PBXFileReference; includeInIndex = 1; lastKnownFileType = text.xcconfig; name = "Pods-FFTestTests.debug.xcconfig"; path = "Pods/Target Support Files/Pods-FFTestTests/Pods-FFTestTests.debug.xcconfig"; sourceTree = "<group>"; };
		851D0B277707282F4CAC07FF /* Pods_FFTestUITests.framework */ = {isa = PBXFileReference; explicitFileType = wrapper.framework; includeInIndex = 0; path = Pods_FFTestUITests.framework; sourceTree = BUILT_PRODUCTS_DIR; };
		881D81E866068D28B5FD9B94 /* Pods_FFTest.framework */ = {isa = PBXFileReference; explicitFileType = wrapper.framework; includeInIndex = 0; path = Pods_FFTest.framework; sourceTree = BUILT_PRODUCTS_DIR; };
		907CC2B4B85CB37E426442B7 /* Pods_FFTestTests.framework */ = {isa = PBXFileReference; explicitFileType = wrapper.framework; includeInIndex = 0; path = Pods_FFTestTests.framework; sourceTree = BUILT_PRODUCTS_DIR; };
		9891579D8BCD4E61645D5745 /* Pods-FFTest.release.xcconfig */ = {isa = PBXFileReference; includeInIndex = 1; lastKnownFileType = text.xcconfig; name = "Pods-FFTest.release.xcconfig"; path = "Pods/Target Support Files/Pods-FFTest/Pods-FFTest.release.xcconfig"; sourceTree = "<group>"; };
		ADC5F8F727DD0DF9E6A4FF73 /* Pods-FFTest.debug.xcconfig */ = {isa = PBXFileReference; includeInIndex = 1; lastKnownFileType = text.xcconfig; name = "Pods-FFTest.debug.xcconfig"; path = "Pods/Target Support Files/Pods-FFTest/Pods-FFTest.debug.xcconfig"; sourceTree = "<group>"; };
		DE827FD1C84A2FC8C61D71D1 /* Pods-FFTestUITests.debug.xcconfig */ = {isa = PBXFileReference; includeInIndex = 1; lastKnownFileType = text.xcconfig; name = "Pods-FFTestUITests.debug.xcconfig"; path = "Pods/Target Support Files/Pods-FFTestUITests/Pods-FFTestUITests.debug.xcconfig"; sourceTree = "<group>"; };
		E868749756207D71298E75C5 /* Pods-FFTestTests.release.xcconfig */ = {isa = PBXFileReference; includeInIndex = 1; lastKnownFileType = text.xcconfig; name = "Pods-FFTestTests.release.xcconfig"; path = "Pods/Target Support Files/Pods-FFTestTests/Pods-FFTestTests.release.xcconfig"; sourceTree = "<group>"; };
		F67DE3450D39D852F1537A40 /* Pods-FFTestUITests.release.xcconfig */ = {isa = PBXFileReference; includeInIndex = 1; lastKnownFileType = text.xcconfig; name = "Pods-FFTestUITests.release.xcconfig"; path = "Pods/Target Support Files/Pods-FFTestUITests/Pods-FFTestUITests.release.xcconfig"; sourceTree = "<group>"; };
/* End PBXFileReference section */

/* Begin PBXFrameworksBuildPhase section */
		17D9EDF31ED7A94B00DBBD13 /* Frameworks */ = {
			isa = PBXFrameworksBuildPhase;
			buildActionMask = 2147483647;
			files = (
				863454F91CD7BCEE4EED05A0 /* Pods_FFTest.framework in Frameworks */,
			);
			runOnlyForDeploymentPostprocessing = 0;
		};
		17D9EE071ED7A94C00DBBD13 /* Frameworks */ = {
			isa = PBXFrameworksBuildPhase;
			buildActionMask = 2147483647;
			files = (
				FB0F9F064390AF989F50C110 /* Pods_FFTestTests.framework in Frameworks */,
			);
			runOnlyForDeploymentPostprocessing = 0;
		};
		17D9EE121ED7A94C00DBBD13 /* Frameworks */ = {
			isa = PBXFrameworksBuildPhase;
			buildActionMask = 2147483647;
			files = (
				A720333C3EC0C49DB35245D6 /* Pods_FFTestUITests.framework in Frameworks */,
			);
			runOnlyForDeploymentPostprocessing = 0;
		};
/* End PBXFrameworksBuildPhase section */

/* Begin PBXGroup section */
		17D9EDED1ED7A94B00DBBD13 = {
			isa = PBXGroup;
			children = (
				17D9EDF81ED7A94C00DBBD13 /* FFTest */,
				17D9EE0D1ED7A94C00DBBD13 /* FFTestTests */,
				17D9EE181ED7A94C00DBBD13 /* FFTestUITests */,
				17D9EDF71ED7A94C00DBBD13 /* Products */,
				F8B5B278B954618A216B39DB /* Pods */,
				CCE52D1D40961F5CE40EE5CC /* Frameworks */,
			);
			sourceTree = "<group>";
		};
		17D9EDF71ED7A94C00DBBD13 /* Products */ = {
			isa = PBXGroup;
			children = (
				17D9EDF61ED7A94C00DBBD13 /* FFTest.app */,
				17D9EE0A1ED7A94C00DBBD13 /* FFTestTests.xctest */,
				17D9EE151ED7A94C00DBBD13 /* FFTestUITests.xctest */,
			);
			name = Products;
			sourceTree = "<group>";
		};
		17D9EDF81ED7A94C00DBBD13 /* FFTest */ = {
			isa = PBXGroup;
			children = (
				17D9EDF91ED7A94C00DBBD13 /* AppDelegate.swift */,
				17D9EDFB1ED7A94C00DBBD13 /* ViewController.swift */,
				17D9EE001ED7A94C00DBBD13 /* Assets.xcassets */,
				17D9EE021ED7A94C00DBBD13 /* LaunchScreen.storyboard */,
				17D9EE051ED7A94C00DBBD13 /* Info.plist */,
			);
			path = FFTest;
			sourceTree = "<group>";
		};
		17D9EE0D1ED7A94C00DBBD13 /* FFTestTests */ = {
			isa = PBXGroup;
			children = (
				17D9EE0E1ED7A94C00DBBD13 /* FFTestTests.swift */,
				17D9EE101ED7A94C00DBBD13 /* Info.plist */,
			);
			path = FFTestTests;
			sourceTree = "<group>";
		};
		17D9EE181ED7A94C00DBBD13 /* FFTestUITests */ = {
			isa = PBXGroup;
			children = (
				17D9EE191ED7A94C00DBBD13 /* FFTestUITests.swift */,
				17D9EE1B1ED7A94C00DBBD13 /* Info.plist */,
			);
			path = FFTestUITests;
			sourceTree = "<group>";
		};
		CCE52D1D40961F5CE40EE5CC /* Frameworks */ = {
			isa = PBXGroup;
			children = (
				881D81E866068D28B5FD9B94 /* Pods_FFTest.framework */,
				907CC2B4B85CB37E426442B7 /* Pods_FFTestTests.framework */,
				851D0B277707282F4CAC07FF /* Pods_FFTestUITests.framework */,
			);
			name = Frameworks;
			sourceTree = "<group>";
		};
		F8B5B278B954618A216B39DB /* Pods */ = {
			isa = PBXGroup;
			children = (
				ADC5F8F727DD0DF9E6A4FF73 /* Pods-FFTest.debug.xcconfig */,
				9891579D8BCD4E61645D5745 /* Pods-FFTest.release.xcconfig */,
				8098566D3F035B8AF7A188D1 /* Pods-FFTestTests.debug.xcconfig */,
				E868749756207D71298E75C5 /* Pods-FFTestTests.release.xcconfig */,
				DE827FD1C84A2FC8C61D71D1 /* Pods-FFTestUITests.debug.xcconfig */,
				F67DE3450D39D852F1537A40 /* Pods-FFTestUITests.release.xcconfig */,
			);
			name = Pods;
			sourceTree = "<group>";
		};
/* End PBXGroup section */

/* Begin PBXNativeTarget section */
		17D9EDF51ED7A94B00DBBD13 /* FFTest */ = {
			isa = PBXNativeTarget;
			buildConfigurationList = 17D9EE1E1ED7A94C00DBBD13 /* Build configuration list for PBXNativeTarget "FFTest" */;
			buildPhases = (
				69AEE6C21B60CD911E4821D2 /* [CP] Check Pods Manifest.lock */,
				17D9EDF21ED7A94B00DBBD13 /* Sources */,
				17D9EDF31ED7A94B00DBBD13 /* Frameworks */,
				17D9EDF41ED7A94B00DBBD13 /* Resources */,
				D8D72AA1846ADFA91825FA07 /* [CP] Embed Pods Frameworks */,
				269A2E64F51E4D65B25A0946 /* [CP] Copy Pods Resources */,
			);
			buildRules = (
			);
			dependencies = (
			);
			name = FFTest;
			productName = FFTest;
			productReference = 17D9EDF61ED7A94C00DBBD13 /* FFTest.app */;
			productType = "com.apple.product-type.application";
		};
		17D9EE091ED7A94C00DBBD13 /* FFTestTests */ = {
			isa = PBXNativeTarget;
			buildConfigurationList = 17D9EE211ED7A94C00DBBD13 /* Build configuration list for PBXNativeTarget "FFTestTests" */;
			buildPhases = (
				23FBEF31D21195E1FEDC2276 /* [CP] Check Pods Manifest.lock */,
				17D9EE061ED7A94C00DBBD13 /* Sources */,
				17D9EE071ED7A94C00DBBD13 /* Frameworks */,
				17D9EE081ED7A94C00DBBD13 /* Resources */,
				06D1FDCC72D3B372C10E01E4 /* [CP] Embed Pods Frameworks */,
				E47C937D495DF8EEF5DC7CA5 /* [CP] Copy Pods Resources */,
			);
			buildRules = (
			);
			dependencies = (
				17D9EE0C1ED7A94C00DBBD13 /* PBXTargetDependency */,
			);
			name = FFTestTests;
			productName = FFTestTests;
			productReference = 17D9EE0A1ED7A94C00DBBD13 /* FFTestTests.xctest */;
			productType = "com.apple.product-type.bundle.unit-test";
		};
		17D9EE141ED7A94C00DBBD13 /* FFTestUITests */ = {
			isa = PBXNativeTarget;
			buildConfigurationList = 17D9EE241ED7A94C00DBBD13 /* Build configuration list for PBXNativeTarget "FFTestUITests" */;
			buildPhases = (
				EF02B38AD26D29E55A32E2A3 /* [CP] Check Pods Manifest.lock */,
				17D9EE111ED7A94C00DBBD13 /* Sources */,
				17D9EE121ED7A94C00DBBD13 /* Frameworks */,
				17D9EE131ED7A94C00DBBD13 /* Resources */,
				F4EFE76FE3BF573738D45E57 /* [CP] Embed Pods Frameworks */,
				F835D516147A7B1A036519DE /* [CP] Copy Pods Resources */,
			);
			buildRules = (
			);
			dependencies = (
				17D9EE171ED7A94C00DBBD13 /* PBXTargetDependency */,
			);
			name = FFTestUITests;
			productName = FFTestUITests;
			productReference = 17D9EE151ED7A94C00DBBD13 /* FFTestUITests.xctest */;
			productType = "com.apple.product-type.bundle.ui-testing";
		};
/* End PBXNativeTarget section */

/* Begin PBXProject section */
		17D9EDEE1ED7A94B00DBBD13 /* Project object */ = {
			isa = PBXProject;
			attributes = {
				LastSwiftUpdateCheck = 0830;
				LastUpgradeCheck = 0830;
				ORGANIZATIONNAME = franciscoamado;
				TargetAttributes = {
					17D9EDF51ED7A94B00DBBD13 = {
						CreatedOnToolsVersion = 8.3.2;
						DevelopmentTeam = 896WFEG8ZZ;
						ProvisioningStyle = Automatic;
					};
					17D9EE091ED7A94C00DBBD13 = {
						CreatedOnToolsVersion = 8.3.2;
						DevelopmentTeam = 896WFEG8ZZ;
						ProvisioningStyle = Automatic;
						TestTargetID = 17D9EDF51ED7A94B00DBBD13;
					};
					17D9EE141ED7A94C00DBBD13 = {
						CreatedOnToolsVersion = 8.3.2;
						DevelopmentTeam = 896WFEG8ZZ;
						ProvisioningStyle = Automatic;
						TestTargetID = 17D9EDF51ED7A94B00DBBD13;
					};
				};
			};
			buildConfigurationList = 17D9EDF11ED7A94B00DBBD13 /* Build configuration list for PBXProject "FFTest" */;
			compatibilityVersion = "Xcode 3.2";
			developmentRegion = English;
			hasScannedForEncodings = 0;
			knownRegions = (
				en,
				Base,
			);
			mainGroup = 17D9EDED1ED7A94B00DBBD13;
			productRefGroup = 17D9EDF71ED7A94C00DBBD13 /* Products */;
			projectDirPath = "";
			projectRoot = "";
			targets = (
				17D9EDF51ED7A94B00DBBD13 /* FFTest */,
				17D9EE091ED7A94C00DBBD13 /* FFTestTests */,
				17D9EE141ED7A94C00DBBD13 /* FFTestUITests */,
			);
		};
/* End PBXProject section */

/* Begin PBXResourcesBuildPhase section */
		17D9EDF41ED7A94B00DBBD13 /* Resources */ = {
			isa = PBXResourcesBuildPhase;
			buildActionMask = 2147483647;
			files = (
				17D9EE041ED7A94C00DBBD13 /* LaunchScreen.storyboard in Resources */,
				17D9EE011ED7A94C00DBBD13 /* Assets.xcassets in Resources */,
			);
			runOnlyForDeploymentPostprocessing = 0;
		};
		17D9EE081ED7A94C00DBBD13 /* Resources */ = {
			isa = PBXResourcesBuildPhase;
			buildActionMask = 2147483647;
			files = (
			);
			runOnlyForDeploymentPostprocessing = 0;
		};
		17D9EE131ED7A94C00DBBD13 /* Resources */ = {
			isa = PBXResourcesBuildPhase;
			buildActionMask = 2147483647;
			files = (
			);
			runOnlyForDeploymentPostprocessing = 0;
		};
/* End PBXResourcesBuildPhase section */

/* Begin PBXShellScriptBuildPhase section */
		06D1FDCC72D3B372C10E01E4 /* [CP] Embed Pods Frameworks */ = {
			isa = PBXShellScriptBuildPhase;
			buildActionMask = 2147483647;
			files = (
			);
			inputPaths = (
			);
			name = "[CP] Embed Pods Frameworks";
			outputPaths = (
			);
			runOnlyForDeploymentPostprocessing = 0;
			shellPath = /bin/sh;
			shellScript = "\"${SRCROOT}/Pods/Target Support Files/Pods-FFTestTests/Pods-FFTestTests-frameworks.sh\"\n";
			showEnvVarsInLog = 0;
		};
		23FBEF31D21195E1FEDC2276 /* [CP] Check Pods Manifest.lock */ = {
			isa = PBXShellScriptBuildPhase;
			buildActionMask = 2147483647;
			files = (
			);
			inputPaths = (
			);
			name = "[CP] Check Pods Manifest.lock";
			outputPaths = (
			);
			runOnlyForDeploymentPostprocessing = 0;
			shellPath = /bin/sh;
			shellScript = "diff \"${PODS_PODFILE_DIR_PATH}/Podfile.lock\" \"${PODS_ROOT}/Manifest.lock\" > /dev/null\nif [ $? != 0 ] ; then\n    # print error to STDERR\n    echo \"error: The sandbox is not in sync with the Podfile.lock. Run 'pod install' or update your CocoaPods installation.\" >&2\n    exit 1\nfi\n";
			showEnvVarsInLog = 0;
		};
		269A2E64F51E4D65B25A0946 /* [CP] Copy Pods Resources */ = {
			isa = PBXShellScriptBuildPhase;
			buildActionMask = 2147483647;
			files = (
			);
			inputPaths = (
			);
			name = "[CP] Copy Pods Resources";
			outputPaths = (
			);
			runOnlyForDeploymentPostprocessing = 0;
			shellPath = /bin/sh;
			shellScript = "\"${SRCROOT}/Pods/Target Support Files/Pods-FFTest/Pods-FFTest-resources.sh\"\n";
			showEnvVarsInLog = 0;
		};
		69AEE6C21B60CD911E4821D2 /* [CP] Check Pods Manifest.lock */ = {
			isa = PBXShellScriptBuildPhase;
			buildActionMask = 2147483647;
			files = (
			);
			inputPaths = (
			);
			name = "[CP] Check Pods Manifest.lock";
			outputPaths = (
			);
			runOnlyForDeploymentPostprocessing = 0;
			shellPath = /bin/sh;
			shellScript = "diff \"${PODS_PODFILE_DIR_PATH}/Podfile.lock\" \"${PODS_ROOT}/Manifest.lock\" > /dev/null\nif [ $? != 0 ] ; then\n    # print error to STDERR\n    echo \"error: The sandbox is not in sync with the Podfile.lock. Run 'pod install' or update your CocoaPods installation.\" >&2\n    exit 1\nfi\n";
			showEnvVarsInLog = 0;
		};
		D8D72AA1846ADFA91825FA07 /* [CP] Embed Pods Frameworks */ = {
			isa = PBXShellScriptBuildPhase;
			buildActionMask = 2147483647;
			files = (
			);
			inputPaths = (
			);
			name = "[CP] Embed Pods Frameworks";
			outputPaths = (
			);
			runOnlyForDeploymentPostprocessing = 0;
			shellPath = /bin/sh;
			shellScript = "\"${SRCROOT}/Pods/Target Support Files/Pods-FFTest/Pods-FFTest-frameworks.sh\"\n";
			showEnvVarsInLog = 0;
		};
		E47C937D495DF8EEF5DC7CA5 /* [CP] Copy Pods Resources */ = {
			isa = PBXShellScriptBuildPhase;
			buildActionMask = 2147483647;
			files = (
			);
			inputPaths = (
			);
			name = "[CP] Copy Pods Resources";
			outputPaths = (
			);
			runOnlyForDeploymentPostprocessing = 0;
			shellPath = /bin/sh;
			shellScript = "\"${SRCROOT}/Pods/Target Support Files/Pods-FFTestTests/Pods-FFTestTests-resources.sh\"\n";
			showEnvVarsInLog = 0;
		};
		EF02B38AD26D29E55A32E2A3 /* [CP] Check Pods Manifest.lock */ = {
			isa = PBXShellScriptBuildPhase;
			buildActionMask = 2147483647;
			files = (
			);
			inputPaths = (
			);
			name = "[CP] Check Pods Manifest.lock";
			outputPaths = (
			);
			runOnlyForDeploymentPostprocessing = 0;
			shellPath = /bin/sh;
			shellScript = "diff \"${PODS_PODFILE_DIR_PATH}/Podfile.lock\" \"${PODS_ROOT}/Manifest.lock\" > /dev/null\nif [ $? != 0 ] ; then\n    # print error to STDERR\n    echo \"error: The sandbox is not in sync with the Podfile.lock. Run 'pod install' or update your CocoaPods installation.\" >&2\n    exit 1\nfi\n";
			showEnvVarsInLog = 0;
		};
		F4EFE76FE3BF573738D45E57 /* [CP] Embed Pods Frameworks */ = {
			isa = PBXShellScriptBuildPhase;
			buildActionMask = 2147483647;
			files = (
			);
			inputPaths = (
			);
			name = "[CP] Embed Pods Frameworks";
			outputPaths = (
			);
			runOnlyForDeploymentPostprocessing = 0;
			shellPath = /bin/sh;
			shellScript = "\"${SRCROOT}/Pods/Target Support Files/Pods-FFTestUITests/Pods-FFTestUITests-frameworks.sh\"\n";
			showEnvVarsInLog = 0;
		};
		F835D516147A7B1A036519DE /* [CP] Copy Pods Resources */ = {
			isa = PBXShellScriptBuildPhase;
			buildActionMask = 2147483647;
			files = (
			);
			inputPaths = (
			);
			name = "[CP] Copy Pods Resources";
			outputPaths = (
			);
			runOnlyForDeploymentPostprocessing = 0;
			shellPath = /bin/sh;
			shellScript = "\"${SRCROOT}/Pods/Target Support Files/Pods-FFTestUITests/Pods-FFTestUITests-resources.sh\"\n";
			showEnvVarsInLog = 0;
		};
/* End PBXShellScriptBuildPhase section */

/* Begin PBXSourcesBuildPhase section */
		17D9EDF21ED7A94B00DBBD13 /* Sources */ = {
			isa = PBXSourcesBuildPhase;
			buildActionMask = 2147483647;
			files = (
				17D9EDFC1ED7A94C00DBBD13 /* ViewController.swift in Sources */,
				17D9EDFA1ED7A94C00DBBD13 /* AppDelegate.swift in Sources */,
			);
			runOnlyForDeploymentPostprocessing = 0;
		};
		17D9EE061ED7A94C00DBBD13 /* Sources */ = {
			isa = PBXSourcesBuildPhase;
			buildActionMask = 2147483647;
			files = (
				17D9EE0F1ED7A94C00DBBD13 /* FFTestTests.swift in Sources */,
			);
			runOnlyForDeploymentPostprocessing = 0;
		};
		17D9EE111ED7A94C00DBBD13 /* Sources */ = {
			isa = PBXSourcesBuildPhase;
			buildActionMask = 2147483647;
			files = (
				17D9EE1A1ED7A94C00DBBD13 /* FFTestUITests.swift in Sources */,
			);
			runOnlyForDeploymentPostprocessing = 0;
		};
/* End PBXSourcesBuildPhase section */

/* Begin PBXTargetDependency section */
		17D9EE0C1ED7A94C00DBBD13 /* PBXTargetDependency */ = {
			isa = PBXTargetDependency;
			target = 17D9EDF51ED7A94B00DBBD13 /* FFTest */;
			targetProxy = 17D9EE0B1ED7A94C00DBBD13 /* PBXContainerItemProxy */;
		};
		17D9EE171ED7A94C00DBBD13 /* PBXTargetDependency */ = {
			isa = PBXTargetDependency;
			target = 17D9EDF51ED7A94B00DBBD13 /* FFTest */;
			targetProxy = 17D9EE161ED7A94C00DBBD13 /* PBXContainerItemProxy */;
		};
/* End PBXTargetDependency section */

/* Begin PBXVariantGroup section */
		17D9EE021ED7A94C00DBBD13 /* LaunchScreen.storyboard */ = {
			isa = PBXVariantGroup;
			children = (
				17D9EE031ED7A94C00DBBD13 /* Base */,
			);
			name = LaunchScreen.storyboard;
			sourceTree = "<group>";
		};
/* End PBXVariantGroup section */

/* Begin XCBuildConfiguration section */
		17D9EE1C1ED7A94C00DBBD13 /* Debug */ = {
			isa = XCBuildConfiguration;
			buildSettings = {
				ALWAYS_SEARCH_USER_PATHS = NO;
				CLANG_ANALYZER_NONNULL = YES;
				CLANG_ANALYZER_NUMBER_OBJECT_CONVERSION = YES_AGGRESSIVE;
				CLANG_CXX_LANGUAGE_STANDARD = "gnu++0x";
				CLANG_CXX_LIBRARY = "libc++";
				CLANG_ENABLE_MODULES = YES;
				CLANG_ENABLE_OBJC_ARC = YES;
				CLANG_WARN_BOOL_CONVERSION = YES;
				CLANG_WARN_CONSTANT_CONVERSION = YES;
				CLANG_WARN_DIRECT_OBJC_ISA_USAGE = YES_ERROR;
				CLANG_WARN_DOCUMENTATION_COMMENTS = YES;
				CLANG_WARN_EMPTY_BODY = YES;
				CLANG_WARN_ENUM_CONVERSION = YES;
				CLANG_WARN_INFINITE_RECURSION = YES;
				CLANG_WARN_INT_CONVERSION = YES;
				CLANG_WARN_OBJC_ROOT_CLASS = YES_ERROR;
				CLANG_WARN_SUSPICIOUS_MOVE = YES;
				CLANG_WARN_UNREACHABLE_CODE = YES;
				CLANG_WARN__DUPLICATE_METHOD_MATCH = YES;
				"CODE_SIGN_IDENTITY[sdk=iphoneos*]" = "iPhone Developer";
				COPY_PHASE_STRIP = NO;
				DEBUG_INFORMATION_FORMAT = dwarf;
				ENABLE_STRICT_OBJC_MSGSEND = YES;
				ENABLE_TESTABILITY = YES;
				GCC_C_LANGUAGE_STANDARD = gnu99;
				GCC_DYNAMIC_NO_PIC = NO;
				GCC_NO_COMMON_BLOCKS = YES;
				GCC_OPTIMIZATION_LEVEL = 0;
				GCC_PREPROCESSOR_DEFINITIONS = (
					"DEBUG=1",
					"$(inherited)",
				);
				GCC_WARN_64_TO_32_BIT_CONVERSION = YES;
				GCC_WARN_ABOUT_RETURN_TYPE = YES_ERROR;
				GCC_WARN_UNDECLARED_SELECTOR = YES;
				GCC_WARN_UNINITIALIZED_AUTOS = YES_AGGRESSIVE;
				GCC_WARN_UNUSED_FUNCTION = YES;
				GCC_WARN_UNUSED_VARIABLE = YES;
				IPHONEOS_DEPLOYMENT_TARGET = 9.0;
				MTL_ENABLE_DEBUG_INFO = YES;
				ONLY_ACTIVE_ARCH = YES;
				SDKROOT = iphoneos;
				SWIFT_ACTIVE_COMPILATION_CONDITIONS = DEBUG;
				SWIFT_OPTIMIZATION_LEVEL = "-Owholemodule";
			};
			name = Debug;
		};
		17D9EE1D1ED7A94C00DBBD13 /* Release */ = {
			isa = XCBuildConfiguration;
			buildSettings = {
				ALWAYS_SEARCH_USER_PATHS = NO;
				CLANG_ANALYZER_NONNULL = YES;
				CLANG_ANALYZER_NUMBER_OBJECT_CONVERSION = YES_AGGRESSIVE;
				CLANG_CXX_LANGUAGE_STANDARD = "gnu++0x";
				CLANG_CXX_LIBRARY = "libc++";
				CLANG_ENABLE_MODULES = YES;
				CLANG_ENABLE_OBJC_ARC = YES;
				CLANG_WARN_BOOL_CONVERSION = YES;
				CLANG_WARN_CONSTANT_CONVERSION = YES;
				CLANG_WARN_DIRECT_OBJC_ISA_USAGE = YES_ERROR;
				CLANG_WARN_DOCUMENTATION_COMMENTS = YES;
				CLANG_WARN_EMPTY_BODY = YES;
				CLANG_WARN_ENUM_CONVERSION = YES;
				CLANG_WARN_INFINITE_RECURSION = YES;
				CLANG_WARN_INT_CONVERSION = YES;
				CLANG_WARN_OBJC_ROOT_CLASS = YES_ERROR;
				CLANG_WARN_SUSPICIOUS_MOVE = YES;
				CLANG_WARN_UNREACHABLE_CODE = YES;
				CLANG_WARN__DUPLICATE_METHOD_MATCH = YES;
				"CODE_SIGN_IDENTITY[sdk=iphoneos*]" = "iPhone Developer";
				COPY_PHASE_STRIP = NO;
				DEBUG_INFORMATION_FORMAT = "dwarf-with-dsym";
				ENABLE_NS_ASSERTIONS = NO;
				ENABLE_STRICT_OBJC_MSGSEND = YES;
				GCC_C_LANGUAGE_STANDARD = gnu99;
				GCC_NO_COMMON_BLOCKS = YES;
				GCC_WARN_64_TO_32_BIT_CONVERSION = YES;
				GCC_WARN_ABOUT_RETURN_TYPE = YES_ERROR;
				GCC_WARN_UNDECLARED_SELECTOR = YES;
				GCC_WARN_UNINITIALIZED_AUTOS = YES_AGGRESSIVE;
				GCC_WARN_UNUSED_FUNCTION = YES;
				GCC_WARN_UNUSED_VARIABLE = YES;
				IPHONEOS_DEPLOYMENT_TARGET = 9.0;
				MTL_ENABLE_DEBUG_INFO = NO;
				SDKROOT = iphoneos;
				SWIFT_OPTIMIZATION_LEVEL = "-Owholemodule";
				VALIDATE_PRODUCT = YES;
			};
			name = Release;
		};
		17D9EE1F1ED7A94C00DBBD13 /* Debug */ = {
			isa = XCBuildConfiguration;
			baseConfigurationReference = ADC5F8F727DD0DF9E6A4FF73 /* Pods-FFTest.debug.xcconfig */;
			buildSettings = {
				ASSETCATALOG_COMPILER_APPICON_NAME = AppIcon;
				DEVELOPMENT_TEAM = 896WFEG8ZZ;
				INFOPLIST_FILE = FFTest/Info.plist;
				LD_RUNPATH_SEARCH_PATHS = "$(inherited) @executable_path/Frameworks";
				PRODUCT_BUNDLE_IDENTIFIER = franciscoamado.FFTest;
				PRODUCT_NAME = "$(TARGET_NAME)";
				SWIFT_VERSION = 3.0;
			};
			name = Debug;
		};
		17D9EE201ED7A94C00DBBD13 /* Release */ = {
			isa = XCBuildConfiguration;
			baseConfigurationReference = 9891579D8BCD4E61645D5745 /* Pods-FFTest.release.xcconfig */;
			buildSettings = {
				ASSETCATALOG_COMPILER_APPICON_NAME = AppIcon;
				DEVELOPMENT_TEAM = 896WFEG8ZZ;
				INFOPLIST_FILE = FFTest/Info.plist;
				LD_RUNPATH_SEARCH_PATHS = "$(inherited) @executable_path/Frameworks";
				PRODUCT_BUNDLE_IDENTIFIER = franciscoamado.FFTest;
				PRODUCT_NAME = "$(TARGET_NAME)";
				SWIFT_VERSION = 3.0;
			};
			name = Release;
		};
		17D9EE221ED7A94C00DBBD13 /* Debug */ = {
			isa = XCBuildConfiguration;
			baseConfigurationReference = 8098566D3F035B8AF7A188D1 /* Pods-FFTestTests.debug.xcconfig */;
			buildSettings = {
				ALWAYS_EMBED_SWIFT_STANDARD_LIBRARIES = YES;
				BUNDLE_LOADER = "$(TEST_HOST)";
				DEVELOPMENT_TEAM = 896WFEG8ZZ;
				INFOPLIST_FILE = FFTestTests/Info.plist;
				LD_RUNPATH_SEARCH_PATHS = "$(inherited) @executable_path/Frameworks @loader_path/Frameworks";
				PRODUCT_BUNDLE_IDENTIFIER = franciscoamado.FFTestTests;
				PRODUCT_NAME = "$(TARGET_NAME)";
				SWIFT_VERSION = 3.0;
				TEST_HOST = "$(BUILT_PRODUCTS_DIR)/FFTest.app/FFTest";
			};
			name = Debug;
		};
		17D9EE231ED7A94C00DBBD13 /* Release */ = {
			isa = XCBuildConfiguration;
			baseConfigurationReference = E868749756207D71298E75C5 /* Pods-FFTestTests.release.xcconfig */;
			buildSettings = {
				ALWAYS_EMBED_SWIFT_STANDARD_LIBRARIES = YES;
				BUNDLE_LOADER = "$(TEST_HOST)";
				DEVELOPMENT_TEAM = 896WFEG8ZZ;
				INFOPLIST_FILE = FFTestTests/Info.plist;
				LD_RUNPATH_SEARCH_PATHS = "$(inherited) @executable_path/Frameworks @loader_path/Frameworks";
				PRODUCT_BUNDLE_IDENTIFIER = franciscoamado.FFTestTests;
				PRODUCT_NAME = "$(TARGET_NAME)";
				SWIFT_VERSION = 3.0;
				TEST_HOST = "$(BUILT_PRODUCTS_DIR)/FFTest.app/FFTest";
			};
			name = Release;
		};
		17D9EE251ED7A94C00DBBD13 /* Debug */ = {
			isa = XCBuildConfiguration;
			baseConfigurationReference = DE827FD1C84A2FC8C61D71D1 /* Pods-FFTestUITests.debug.xcconfig */;
			buildSettings = {
				ALWAYS_EMBED_SWIFT_STANDARD_LIBRARIES = YES;
				DEVELOPMENT_TEAM = 896WFEG8ZZ;
				INFOPLIST_FILE = FFTestUITests/Info.plist;
				LD_RUNPATH_SEARCH_PATHS = "$(inherited) @executable_path/Frameworks @loader_path/Frameworks";
				PRODUCT_BUNDLE_IDENTIFIER = franciscoamado.FFTestUITests;
				PRODUCT_NAME = "$(TARGET_NAME)";
				SWIFT_VERSION = 3.0;
				TEST_TARGET_NAME = FFTest;
			};
			name = Debug;
		};
		17D9EE261ED7A94C00DBBD13 /* Release */ = {
			isa = XCBuildConfiguration;
			baseConfigurationReference = F67DE3450D39D852F1537A40 /* Pods-FFTestUITests.release.xcconfig */;
			buildSettings = {
				ALWAYS_EMBED_SWIFT_STANDARD_LIBRARIES = YES;
				DEVELOPMENT_TEAM = 896WFEG8ZZ;
				INFOPLIST_FILE = FFTestUITests/Info.plist;
				LD_RUNPATH_SEARCH_PATHS = "$(inherited) @executable_path/Frameworks @loader_path/Frameworks";
				PRODUCT_BUNDLE_IDENTIFIER = franciscoamado.FFTestUITests;
				PRODUCT_NAME = "$(TARGET_NAME)";
				SWIFT_VERSION = 3.0;
				TEST_TARGET_NAME = FFTest;
			};
			name = Release;
		};
/* End XCBuildConfiguration section */

/* Begin XCConfigurationList section */
		17D9EDF11ED7A94B00DBBD13 /* Build configuration list for PBXProject "FFTest" */ = {
			isa = XCConfigurationList;
			buildConfigurations = (
				17D9EE1C1ED7A94C00DBBD13 /* Debug */,
				17D9EE1D1ED7A94C00DBBD13 /* Release */,
			);
			defaultConfigurationIsVisible = 0;
			defaultConfigurationName = Release;
		};
		17D9EE1E1ED7A94C00DBBD13 /* Build configuration list for PBXNativeTarget "FFTest" */ = {
			isa = XCConfigurationList;
			buildConfigurations = (
				17D9EE1F1ED7A94C00DBBD13 /* Debug */,
				17D9EE201ED7A94C00DBBD13 /* Release */,
			);
			defaultConfigurationIsVisible = 0;
			defaultConfigurationName = Release;
		};
		17D9EE211ED7A94C00DBBD13 /* Build configuration list for PBXNativeTarget "FFTestTests" */ = {
			isa = XCConfigurationList;
			buildConfigurations = (
				17D9EE221ED7A94C00DBBD13 /* Debug */,
				17D9EE231ED7A94C00DBBD13 /* Release */,
			);
			defaultConfigurationIsVisible = 0;
			defaultConfigurationName = Release;
		};
		17D9EE241ED7A94C00DBBD13 /* Build configuration list for PBXNativeTarget "FFTestUITests" */ = {
			isa = XCConfigurationList;
			buildConfigurations = (
				17D9EE251ED7A94C00DBBD13 /* Debug */,
				17D9EE261ED7A94C00DBBD13 /* Release */,
			);
			defaultConfigurationIsVisible = 0;
			defaultConfigurationName = Release;
		};
/* End XCConfigurationList section */
	};
	rootObject = 17D9EDEE1ED7A94B00DBBD13 /* Project object */;
}
